Microsoft Visual Studio Solution File, Format Version 12.00
# Visual Studio 2017
Project("{FAE04EC0-301F-11D3-BF4B-00C04F79EFBC}") = "ICT_VR", "ICT_VR.csproj", "{5C885CBD-DA37-97CE-0ED7-FA4FE6F7F5B1}"
EndProject
Project("{FAE04EC0-301F-11D3-BF4B-00C04F79EFBC}") = "ICT_VR.Plugins", "ICT_VR.Plugins.csproj", "{BD4E4785-0DD4-8FBC-C538-589F54F41DE4}"
EndProject
Project("{FAE04EC0-301F-11D3-BF4B-00C04F79EFBC}") = "ICT_VR.Editor", "ICT_VR.Editor.csproj", "{D47BD39D-7A21-37D4-B208-BBA34C525077}"
EndProject
Project("{FAE04EC0-301F-11D3-BF4B-00C04F79EFBC}") = "ICT_VR.Editor.Plugins", "ICT_VR.Editor.Plugins.csproj", "{72B6B22E-ED7D-77C8-6D9F-9A07A0BDCD8D}"
EndProject
Global
	GlobalSection(SolutionConfigurationPlatforms) = preSolution
		Debug|Any CPU = Debug|Any CPU
		Release|Any CPU = Release|Any CPU
	EndGlobalSection
	GlobalSection(ProjectConfigurationPlatforms) = postSolution
		{5C885CBD-DA37-97CE-0ED7-FA4FE6F7F5B1}.Debug|Any CPU.ActiveCfg = Debug|Any CPU
		{5C885CBD-DA37-97CE-0ED7-FA4FE6F7F5B1}.Debug|Any CPU.Build.0 = Debug|Any CPU
		{5C885CBD-DA37-97CE-0ED7-FA4FE6F7F5B1}.Release|Any CPU.ActiveCfg = Release|Any CPU
		{5C885CBD-DA37-97CE-0ED7-FA4FE6F7F5B1}.Release|Any CPU.Build.0 = Release|Any CPU
		{BD4E4785-0DD4-8FBC-C538-589F54F41DE4}.Debug|Any CPU.ActiveCfg = Debug|Any CPU
		{BD4E4785-0DD4-8FBC-C538-589F54F41DE4}.Debug|Any CPU.Build.0 = Debug|Any CPU
		{BD4E4785-0DD4-8FBC-C538-589F54F41DE4}.Release|Any CPU.ActiveCfg = Release|Any CPU
		{BD4E4785-0DD4-8FBC-C538-589F54F41DE4}.Release|Any CPU.Build.0 = Release|Any CPU
		{D47BD39D-7A21-37D4-B208-BBA34C525077}.Debug|Any CPU.ActiveCfg = Debug|Any CPU
		{D47BD39D-7A21-37D4-B208-BBA34C525077}.Debug|Any CPU.Build.0 = Debug|Any CPU
		{D47BD39D-7A21-37D4-B208-BBA34C525077}.Release|Any CPU.ActiveCfg = Release|Any CPU
		{D47BD39D-7A21-37D4-B208-BBA34C525077}.Release|Any CPU.Build.0 = Release|Any CPU
		{72B6B22E-ED7D-77C8-6D9F-9A07A0BDCD8D}.Debug|Any CPU.ActiveCfg = Debug|Any CPU
		{72B6B22E-ED7D-77C8-6D9F-9A07A0BDCD8D}.Debug|Any CPU.Build.0 = Debug|Any CPU
		{72B6B22E-ED7D-77C8-6D9F-9A07A0BDCD8D}.Release|Any CPU.ActiveCfg = Release|Any CPU
		{72B6B22E-ED7D-77C8-6D9F-9A07A0BDCD8D}.Release|Any CPU.Build.0 = Release|Any CPU
	EndGlobalSection
	GlobalSection(SolutionProperties) = preSolution
		HideSolutionNode = FALSE
	EndGlobalSection
EndGlobal
